PODS:
  - AFNetworking (3.1.0):
    - AFNetworking/NSURLSession (= 3.1.0)
    - AFNetworking/Reachability (= 3.1.0)
    - AFNetworking/Security (= 3.1.0)
    - AFNetworking/Serialization (= 3.1.0)
    - AFNetworking/UIKit (= 3.1.0)
  - AFNetworking/NSURLSession (3.1.0):
    - AFNetworking/Reachability
    - AFNetworking/Security
    - AFNetworking/Serialization
  - AFNetworking/Reachability (3.1.0)
  - AFNetworking/Security (3.1.0)
  - AFNetworking/Serialization (3.1.0)
  - AFNetworking/UIKit (3.1.0):
    - AFNetworking/NSURLSession
  - GoogleMaps (1.13.0)
  - Mantle (2.0.6):
    - Mantle/extobjc (= 2.0.6)
  - Mantle/extobjc (2.0.6)
  - MBProgressHUD (0.9.2)
  - YOLayout (0.2.12)

DEPENDENCIES:
  - AFNetworking (~> 3.1.0)
  - GoogleMaps (~> 1.13.0)
  - Mantle (~> 2.0.6)
  - MBProgressHUD (~> 0.9.2)
  - YOLayout (~> 0.2)

SPEC CHECKSUMS:
  AFNetworking: 5e0e199f73d8626b11e79750991f5d173d1f8b67
  GoogleMaps: 7a6caeb8336d7cb42982e969fc9b1b20a889fe79
  Mantle: 299966b00759634931699f69cb6a30b9239b944d
  MBProgressHUD: 1569cf7ace17a8bac47aabfbb8580a49690386d1
  YOLayout: 3f5b3ac64f9018f1e63a19223dbb8382c37d58cb

COCOAPODS: 0.39.0
